
Microsoft Visual Studio Solution File, Format Version 12.00
# Visual Studio Version 16
VisualStudioVersion = 16.0.30907.101
MinimumVisualStudioVersion = 10.0.40219.1
Project("{FAE04EC0-301F-11D3-BF4B-00C04F79EFBC}") = "EconimicMathematics", "EconimicMathematics\EconimicMathematics.csproj", "{0FB98E5D-E6E2-4A60-91E9-A68958E82281}"
EndProject
Global
	GlobalSection(SolutionConfigurationPlatforms) = preSolution
		Debug|Any CPU = Debug|Any CPU
		Release|Any CPU = Release|Any CPU
	EndGlobalSection
	GlobalSection(ProjectConfigurationPlatforms) = postSolution
		{0FB98E5D-E6E2-4A60-91E9-A68958E82281}.Debug|Any CPU.ActiveCfg = Debug|Any CPU
		{0FB98E5D-E6E2-4A60-91E9-A68958E82281}.Debug|Any CPU.Build.0 = Debug|Any CPU
		{0FB98E5D-E6E2-4A60-91E9-A68958E82281}.Release|Any CPU.ActiveCfg = Release|Any CPU
		{0FB98E5D-E6E2-4A60-91E9-A68958E82281}.Release|Any CPU.Build.0 = Release|Any CPU
	EndGlobalSection
	GlobalSection(SolutionProperties) = preSolution
		HideSolutionNode = FALSE
	EndGlobalSection
	GlobalSection(ExtensibilityGlobals) = postSolution
		SolutionGuid = {82013CA0-7CF6-482E-8345-650989FE520E}
	EndGlobalSection
EndGlobal
